// !$*UTF8*$!
{
	archiveVersion = 1;
	classes = {
	};
	objectVersion = 46;
	objects = {

/* Begin PBXBuildFile section */
		862A6BAA1C82A031001CA170 /* Pokemon.swift in Sources */ = {isa = PBXBuildFile; fileRef = 862A6BA91C82A031001CA170 /* Pokemon.swift */; };
		862A6BAD1C8348C9001CA170 /* PokeCell.swift in Sources */ = {isa = PBXBuildFile; fileRef = 862A6BAC1C8348C9001CA170 /* PokeCell.swift */; };
		862A6BAF1C836CD4001CA170 /* csv.swift in Sources */ = {isa = PBXBuildFile; fileRef = 862A6BAE1C836CD4001CA170 /* csv.swift */; };
		862A6BB51C84CCAA001CA170 /* pokemon.ttf in Resources */ = {isa = PBXBuildFile; fileRef = 862A6BB41C84CCAA001CA170 /* pokemon.ttf */; };
		862A6BB71C84D00A001CA170 /* music.mp3 in Resources */ = {isa = PBXBuildFile; fileRef = 862A6BB61C84D00A001CA170 /* music.mp3 */; };
		866738361C8148B900461E55 /* AppDelegate.swift in Sources */ = {isa = PBXBuildFile; fileRef = 866738351C8148B900461E55 /* AppDelegate.swift */; };
		866738381C8148B900461E55 /* ViewController.swift in Sources */ = {isa = PBXBuildFile; fileRef = 866738371C8148B900461E55 /* ViewController.swift */; };
		8667383B1C8148B900461E55 /* Main.storyboard in Resources */ = {isa = PBXBuildFile; fileRef = 866738391C8148B900461E55 /* Main.storyboard */; };
		8667383D1C8148B900461E55 /* Assets.xcassets in Resources */ = {isa = PBXBuildFile; fileRef = 8667383C1C8148B900461E55 /* Assets.xcassets */; };
		866738401C8148B900461E55 /* LaunchScreen.storyboard in Resources */ = {isa = PBXBuildFile; fileRef = 8667383E1C8148B900461E55 /* LaunchScreen.storyboard */; };
		8667384B1C8148B900461E55 /* pokedexTests.swift in Sources */ = {isa = PBXBuildFile; fileRef = 8667384A1C8148B900461E55 /* pokedexTests.swift */; };
		866738561C8148B900461E55 /* pokedexUITests.swift in Sources */ = {isa = PBXBuildFile; fileRef = 866738551C8148B900461E55 /* pokedexUITests.swift */; };
		866738641C814C4E00461E55 /* pokemon.csv in Resources */ = {isa = PBXBuildFile; fileRef = 866738631C814C4E00461E55 /* pokemon.csv */; };
/* End PBXBuildFile section */

/* Begin PBXContainerItemProxy section */
		866738471C8148B900461E55 /* PBXContainerItemProxy */ = {
			isa = PBXContainerItemProxy;
			containerPortal = 8667382A1C8148B900461E55 /* Project object */;
			proxyType = 1;
			remoteGlobalIDString = 866738311C8148B900461E55;
			remoteInfo = pokedex;
		};
		866738521C8148B900461E55 /* PBXContainerItemProxy */ = {
			isa = PBXContainerItemProxy;
			containerPortal = 8667382A1C8148B900461E55 /* Project object */;
			proxyType = 1;
			remoteGlobalIDString = 866738311C8148B900461E55;
			remoteInfo = pokedex;
		};
/* End PBXContainerItemProxy section */

/* Begin PBXFileReference section */
		862A6BA91C82A031001CA170 /* Pokemon.swift */ = {isa = PBXFileReference; fileEncoding = 4; lastKnownFileType = sourcecode.swift; path = Pokemon.swift; sourceTree = "<group>"; };
		862A6BAC1C8348C9001CA170 /* PokeCell.swift */ = {isa = PBXFileReference; fileEncoding = 4; lastKnownFileType = sourcecode.swift; path = PokeCell.swift; sourceTree = "<group>"; };
		862A6BAE1C836CD4001CA170 /* csv.swift */ = {isa = PBXFileReference; fileEncoding = 4; lastKnownFileType = sourcecode.swift; path = csv.swift; sourceTree = "<group>"; };
		862A6BB41C84CCAA001CA170 /* pokemon.ttf */ = {isa = PBXFileReference; lastKnownFileType = file; path = pokemon.ttf; sourceTree = "<group>"; };
		862A6BB61C84D00A001CA170 /* music.mp3 */ = {isa = PBXFileReference; lastKnownFileType = audio.mp3; path = music.mp3; sourceTree = "<group>"; };
		866738321C8148B900461E55 /* pokedex.app */ = {isa = PBXFileReference; explicitFileType = wrapper.application; includeInIndex = 0; path = pokedex.app; sourceTree = BUILT_PRODUCTS_DIR; };
		866738351C8148B900461E55 /* AppDelegate.swift */ = {isa = PBXFileReference; lastKnownFileType = sourcecode.swift; path = AppDelegate.swift; sourceTree = "<group>"; };
		866738371C8148B900461E55 /* ViewController.swift */ = {isa = PBXFileReference; lastKnownFileType = sourcecode.swift; path = ViewController.swift; sourceTree = "<group>"; };
		8667383A1C8148B900461E55 /* Base */ = {isa = PBXFileReference; lastKnownFileType = file.storyboard; name = Base; path = Base.lproj/Main.storyboard; sourceTree = "<group>"; };
		8667383C1C8148B900461E55 /* Assets.xcassets */ = {isa = PBXFileReference; lastKnownFileType = folder.assetcatalog; path = Assets.xcassets; sourceTree = "<group>"; };
		8667383F1C8148B900461E55 /* Base */ = {isa = PBXFileReference; lastKnownFileType = file.storyboard; name = Base; path = Base.lproj/LaunchScreen.storyboard; sourceTree = "<group>"; };
		866738411C8148B900461E55 /* Info.plist */ = {isa = PBXFileReference; lastKnownFileType = text.plist.xml; path = Info.plist; sourceTree = "<group>"; };
		866738461C8148B900461E55 /* pokedexTests.xctest */ = {isa = PBXFileReference; explicitFileType = wrapper.cfbundle; includeInIndex = 0; path = pokedexTests.xctest; sourceTree = BUILT_PRODUCTS_DIR; };
		8667384A1C8148B900461E55 /* pokedexTests.swift */ = {isa = PBXFileReference; lastKnownFileType = sourcecode.swift; path = pokedexTests.swift; sourceTree = "<group>"; };
		8667384C1C8148B900461E55 /* Info.plist */ = {isa = PBXFileReference; lastKnownFileType = text.plist.xml; path = Info.plist; sourceTree = "<group>"; };
		866738511C8148B900461E55 /* pokedexUITests.xctest */ = {isa = PBXFileReference; explicitFileType = wrapper.cfbundle; includeInIndex = 0; path = pokedexUITests.xctest; sourceTree = BUILT_PRODUCTS_DIR; };
		866738551C8148B900461E55 /* pokedexUITests.swift */ = {isa = PBXFileReference; lastKnownFileType = sourcecode.swift; path = pokedexUITests.swift; sourceTree = "<group>"; };
		866738571C8148B900461E55 /* Info.plist */ = {isa = PBXFileReference; lastKnownFileType = text.plist.xml; path = Info.plist; sourceTree = "<group>"; };
		866738631C814C4E00461E55 /* pokemon.csv */ = {isa = PBXFileReference; fileEncoding = 4; lastKnownFileType = text; path = pokemon.csv; sourceTree = "<group>"; };
/* End PBXFileReference section */

/* Begin PBXFrameworksBuildPhase section */
		8667382F1C8148B900461E55 /* Frameworks */ = {
			isa = PBXFrameworksBuildPhase;
			buildActionMask = 2147483647;
			files = (
			);
			runOnlyForDeploymentPostprocessing = 0;
		};
		866738431C8148B900461E55 /* Frameworks */ = {
			isa = PBXFrameworksBuildPhase;
			buildActionMask = 2147483647;
			files = (
			);
			runOnlyForDeploymentPostprocessing = 0;
		};
		8667384E1C8148B900461E55 /* Frameworks */ = {
			isa = PBXFrameworksBuildPhase;
			buildActionMask = 2147483647;
			files = (
			);
			runOnlyForDeploymentPostprocessing = 0;
		};
/* End PBXFrameworksBuildPhase section */

/* Begin PBXGroup section */
		862A6BA81C82A026001CA170 /* Model */ = {
			isa = PBXGroup;
			children = (
				862A6BA91C82A031001CA170 /* Pokemon.swift */,
			);
			name = Model;
			sourceTree = "<group>";
		};
		862A6BAB1C832090001CA170 /* View */ = {
			isa = PBXGroup;
			children = (
				862A6BAC1C8348C9001CA170 /* PokeCell.swift */,
			);
			name = View;
			sourceTree = "<group>";
		};
		862A6BB01C836D03001CA170 /* Util */ = {
			isa = PBXGroup;
			children = (
				862A6BAE1C836CD4001CA170 /* csv.swift */,
			);
			name = Util;
			sourceTree = "<group>";
		};
		862A6BB11C836D1F001CA170 /* Controller */ = {
			isa = PBXGroup;
			children = (
				866738371C8148B900461E55 /* ViewController.swift */,
			);
			name = Controller;
			sourceTree = "<group>";
		};
		862A6BB21C836D44001CA170 /* Resources */ = {
			isa = PBXGroup;
			children = (
				862A6BB61C84D00A001CA170 /* music.mp3 */,
				866738631C814C4E00461E55 /* pokemon.csv */,
				862A6BB41C84CCAA001CA170 /* pokemon.ttf */,
			);
			name = Resources;
			sourceTree = "<group>";
		};
		866738291C8148B900461E55 = {
			isa = PBXGroup;
			children = (
				866738341C8148B900461E55 /* pokedex */,
				866738491C8148B900461E55 /* pokedexTests */,
				866738541C8148B900461E55 /* pokedexUITests */,
				866738331C8148B900461E55 /* Products */,
			);
			sourceTree = "<group>";
		};
		866738331C8148B900461E55 /* Products */ = {
			isa = PBXGroup;
			children = (
				866738321C8148B900461E55 /* pokedex.app */,
				866738461C8148B900461E55 /* pokedexTests.xctest */,
				866738511C8148B900461E55 /* pokedexUITests.xctest */,
			);
			name = Products;
			sourceTree = "<group>";
		};
		866738341C8148B900461E55 /* pokedex */ = {
			isa = PBXGroup;
			children = (
				862A6BA81C82A026001CA170 /* Model */,
				862A6BAB1C832090001CA170 /* View */,
				862A6BB11C836D1F001CA170 /* Controller */,
				862A6BB01C836D03001CA170 /* Util */,
				862A6BB21C836D44001CA170 /* Resources */,
				866738351C8148B900461E55 /* AppDelegate.swift */,
				866738391C8148B900461E55 /* Main.storyboard */,
				8667383C1C8148B900461E55 /* Assets.xcassets */,
				8667383E1C8148B900461E55 /* LaunchScreen.storyboard */,
				866738411C8148B900461E55 /* Info.plist */,
			);
			path = pokedex;
			sourceTree = "<group>";
		};
		866738491C8148B900461E55 /* pokedexTests */ = {
			isa = PBXGroup;
			children = (
				8667384A1C8148B900461E55 /* pokedexTests.swift */,
				8667384C1C8148B900461E55 /* Info.plist */,
			);
			path = pokedexTests;
			sourceTree = "<group>";
		};
		866738541C8148B900461E55 /* pokedexUITests */ = {
			isa = PBXGroup;
			children = (
				866738551C8148B900461E55 /* pokedexUITests.swift */,
				866738571C8148B900461E55 /* Info.plist */,
			);
			path = pokedexUITests;
			sourceTree = "<group>";
		};
/* End PBXGroup section */

/* Begin PBXNativeTarget section */
		866738311C8148B900461E55 /* pokedex */ = {
			isa = PBXNativeTarget;
			buildConfigurationList = 8667385A1C8148B900461E55 /* Build configuration list for PBXNativeTarget "pokedex" */;
			buildPhases = (
				8667382E1C8148B900461E55 /* Sources */,
				8667382F1C8148B900461E55 /* Frameworks */,
				866738301C8148B900461E55 /* Resources */,
			);
			buildRules = (
			);
			dependencies = (
			);
			name = pokedex;
			productName = pokedex;
			productReference = 866738321C8148B900461E55 /* pokedex.app */;
			productType = "com.apple.product-type.application";
		};
		866738451C8148B900461E55 /* pokedexTests */ = {
			isa = PBXNativeTarget;
			buildConfigurationList = 8667385D1C8148B900461E55 /* Build configuration list for PBXNativeTarget "pokedexTests" */;
			buildPhases = (
				866738421C8148B900461E55 /* Sources */,
				866738431C8148B900461E55 /* Frameworks */,
				866738441C8148B900461E55 /* Resources */,
			);
			buildRules = (
			);
			dependencies = (
				866738481C8148B900461E55 /* PBXTargetDependency */,
			);
			name = pokedexTests;
			productName = pokedexTests;
			productReference = 866738461C8148B900461E55 /* pokedexTests.xctest */;
			productType = "com.apple.product-type.bundle.unit-test";
		};
		866738501C8148B900461E55 /* pokedexUITests */ = {
			isa = PBXNativeTarget;
			buildConfigurationList = 866738601C8148B900461E55 /* Build configuration list for PBXNativeTarget "pokedexUITests" */;
			buildPhases = (
				8667384D1C8148B900461E55 /* Sources */,
				8667384E1C8148B900461E55 /* Frameworks */,
				8667384F1C8148B900461E55 /* Resources */,
			);
			buildRules = (
			);
			dependencies = (
				866738531C8148B900461E55 /* PBXTargetDependency */,
			);
			name = pokedexUITests;
			productName = pokedexUITests;
			productReference = 866738511C8148B900461E55 /* pokedexUITests.xctest */;
			productType = "com.apple.product-type.bundle.ui-testing";
		};
/* End PBXNativeTarget section */

/* Begin PBXProject section */
		8667382A1C8148B900461E55 /* Project object */ = {
			isa = PBXProject;
			attributes = {
				LastSwiftUpdateCheck = 0720;
				LastUpgradeCheck = 0720;
				ORGANIZATIONNAME = "Jorge Jimenez";
				TargetAttributes = {
					866738311C8148B900461E55 = {
						CreatedOnToolsVersion = 7.2.1;
					};
					866738451C8148B900461E55 = {
						CreatedOnToolsVersion = 7.2.1;
						TestTargetID = 866738311C8148B900461E55;
					};
					866738501C8148B900461E55 = {
						CreatedOnToolsVersion = 7.2.1;
						TestTargetID = 866738311C8148B900461E55;
					};
				};
			};
			buildConfigurationList = 8667382D1C8148B900461E55 /* Build configuration list for PBXProject "pokedex" */;
			compatibilityVersion = "Xcode 3.2";
			developmentRegion = English;
			hasScannedForEncodings = 0;
			knownRegions = (
				en,
				Base,
			);
			mainGroup = 866738291C8148B900461E55;
			productRefGroup = 866738331C8148B900461E55 /* Products */;
			projectDirPath = "";
			projectRoot = "";
			targets = (
				866738311C8148B900461E55 /* pokedex */,
				866738451C8148B900461E55 /* pokedexTests */,
				866738501C8148B900461E55 /* pokedexUITests */,
			);
		};
/* End PBXProject section */

/* Begin PBXResourcesBuildPhase section */
		866738301C8148B900461E55 /* Resources */ = {
			isa = PBXResourcesBuildPhase;
			buildActionMask = 2147483647;
			files = (
				862A6BB51C84CCAA001CA170 /* pokemon.ttf in Resources */,
				866738401C8148B900461E55 /* LaunchScreen.storyboard in Resources */,
				862A6BB71C84D00A001CA170 /* music.mp3 in Resources */,
				8667383D1C8148B900461E55 /* Assets.xcassets in Resources */,
				866738641C814C4E00461E55 /* pokemon.csv in Resources */,
				8667383B1C8148B900461E55 /* Main.storyboard in Resources */,
			);
			runOnlyForDeploymentPostprocessing = 0;
		};
		866738441C8148B900461E55 /* Resources */ = {
			isa = PBXResourcesBuildPhase;
			buildActionMask = 2147483647;
			files = (
			);
			runOnlyForDeploymentPostprocessing = 0;
		};
		8667384F1C8148B900461E55 /* Resources */ = {
			isa = PBXResourcesBuildPhase;
			buildActionMask = 2147483647;
			files = (
			);
			runOnlyForDeploymentPostprocessing = 0;
		};
/* End PBXResourcesBuildPhase section */

/* Begin PBXSourcesBuildPhase section */
		8667382E1C8148B900461E55 /* Sources */ = {
			isa = PBXSourcesBuildPhase;
			buildActionMask = 2147483647;
			files = (
				862A6BAD1C8348C9001CA170 /* PokeCell.swift in Sources */,
				866738381C8148B900461E55 /* ViewController.swift in Sources */,
				866738361C8148B900461E55 /* AppDelegate.swift in Sources */,
				862A6BAA1C82A031001CA170 /* Pokemon.swift in Sources */,
				862A6BAF1C836CD4001CA170 /* csv.swift in Sources */,
			);
			runOnlyForDeploymentPostprocessing = 0;
		};
		866738421C8148B900461E55 /* Sources */ = {
			isa = PBXSourcesBuildPhase;
			buildActionMask = 2147483647;
			files = (
				8667384B1C8148B900461E55 /* pokedexTests.swift in Sources */,
			);
			runOnlyForDeploymentPostprocessing = 0;
		};
		8667384D1C8148B900461E55 /* Sources */ = {
			isa = PBXSourcesBuildPhase;
			buildActionMask = 2147483647;
			files = (
				866738561C8148B900461E55 /* pokedexUITests.swift in Sources */,
			);
			runOnlyForDeploymentPostprocessing = 0;
		};
/* End PBXSourcesBuildPhase section */

/* Begin PBXTargetDependency section */
		866738481C8148B900461E55 /* PBXTargetDependency */ = {
			isa = PBXTargetDependency;
			target = 866738311C8148B900461E55 /* pokedex */;
			targetProxy = 866738471C8148B900461E55 /* PBXContainerItemProxy */;
		};
		866738531C8148B900461E55 /* PBXTargetDependency */ = {
			isa = PBXTargetDependency;
			target = 866738311C8148B900461E55 /* pokedex */;
			targetProxy = 866738521C8148B900461E55 /* PBXContainerItemProxy */;
		};
/* End PBXTargetDependency section */

/* Begin PBXVariantGroup section */
		866738391C8148B900461E55 /* Main.storyboard */ = {
			isa = PBXVariantGroup;
			children = (
				8667383A1C8148B900461E55 /* Base */,
			);
			name = Main.storyboard;
			sourceTree = "<group>";
		};
		8667383E1C8148B900461E55 /* LaunchScreen.storyboard */ = {
			isa = PBXVariantGroup;
			children = (
				8667383F1C8148B900461E55 /* Base */,
			);
			name = LaunchScreen.storyboard;
			sourceTree = "<group>";
		};
/* End PBXVariantGroup section */

/* Begin XCBuildConfiguration section */
		866738581C8148B900461E55 /* Debug */ = {
			isa = XCBuildConfiguration;
			buildSettings = {
				ALWAYS_SEARCH_USER_PATHS = NO;
				CLANG_CXX_LANGUAGE_STANDARD = "gnu++0x";
				CLANG_CXX_LIBRARY = "libc++";
				CLANG_ENABLE_MODULES = YES;
				CLANG_ENABLE_OBJC_ARC = YES;
				CLANG_WARN_BOOL_CONVERSION = YES;
				CLANG_WARN_CONSTANT_CONVERSION = YES;
				CLANG_WARN_DIRECT_OBJC_ISA_USAGE = YES_ERROR;
				CLANG_WARN_EMPTY_BODY = YES;
				CLANG_WARN_ENUM_CONVERSION = YES;
				CLANG_WARN_INT_CONVERSION = YES;
				CLANG_WARN_OBJC_ROOT_CLASS = YES_ERROR;
				CLANG_WARN_UNREACHABLE_CODE = YES;
				CLANG_WARN__DUPLICATE_METHOD_MATCH = YES;
				"CODE_SIGN_IDENTITY[sdk=iphoneos*]" = "iPhone Developer";
				COPY_PHASE_STRIP = NO;
				DEBUG_INFORMATION_FORMAT = dwarf;
				ENABLE_STRICT_OBJC_MSGSEND = YES;
				ENABLE_TESTABILITY = YES;
				GCC_C_LANGUAGE_STANDARD = gnu99;
				GCC_DYNAMIC_NO_PIC = NO;
				GCC_NO_COMMON_BLOCKS = YES;
				GCC_OPTIMIZATION_LEVEL = 0;
				GCC_PREPROCESSOR_DEFINITIONS = (
					"DEBUG=1",
					"$(inherited)",
				);
				GCC_WARN_64_TO_32_BIT_CONVERSION = YES;
				GCC_WARN_ABOUT_RETURN_TYPE = YES_ERROR;
				GCC_WARN_UNDECLARED_SELECTOR = YES;
				GCC_WARN_UNINITIALIZED_AUTOS = YES_AGGRESSIVE;
				GCC_WARN_UNUSED_FUNCTION = YES;
				GCC_WARN_UNUSED_VARIABLE = YES;
				IPHONEOS_DEPLOYMENT_TARGET = 9.2;
				MTL_ENABLE_DEBUG_INFO = YES;
				ONLY_ACTIVE_ARCH = YES;
				SDKROOT = iphoneos;
				SWIFT_OPTIMIZATION_LEVEL = "-Onone";
			};
			name = Debug;
		};
		866738591C8148B900461E55 /* Release */ = {
			isa = XCBuildConfiguration;
			buildSettings = {
				ALWAYS_SEARCH_USER_PATHS = NO;
				CLANG_CXX_LANGUAGE_STANDARD = "gnu++0x";
				CLANG_CXX_LIBRARY = "libc++";
				CLANG_ENABLE_MODULES = YES;
				CLANG_ENABLE_OBJC_ARC = YES;
				CLANG_WARN_BOOL_CONVERSION = YES;
				CLANG_WARN_CONSTANT_CONVERSION = YES;
				CLANG_WARN_DIRECT_OBJC_ISA_USAGE = YES_ERROR;
				CLANG_WARN_EMPTY_BODY = YES;
				CLANG_WARN_ENUM_CONVERSION = YES;
				CLANG_WARN_INT_CONVERSION = YES;
				CLANG_WARN_OBJC_ROOT_CLASS = YES_ERROR;
				CLANG_WARN_UNREACHABLE_CODE = YES;
				CLANG_WARN__DUPLICATE_METHOD_MATCH = YES;
				"CODE_SIGN_IDENTITY[sdk=iphoneos*]" = "iPhone Developer";
				COPY_PHASE_STRIP = NO;
				DEBUG_INFORMATION_FORMAT = "dwarf-with-dsym";
				ENABLE_NS_ASSERTIONS = NO;
				ENABLE_STRICT_OBJC_MSGSEND = YES;
				GCC_C_LANGUAGE_STANDARD = gnu99;
				GCC_NO_COMMON_BLOCKS = YES;
				GCC_WARN_64_TO_32_BIT_CONVERSION = YES;
				GCC_WARN_ABOUT_RETURN_TYPE = YES_ERROR;
				GCC_WARN_UNDECLARED_SELECTOR = YES;
				GCC_WARN_UNINITIALIZED_AUTOS = YES_AGGRESSIVE;
				GCC_WARN_UNUSED_FUNCTION = YES;
				GCC_WARN_UNUSED_VARIABLE = YES;
				IPHONEOS_DEPLOYMENT_TARGET = 9.2;
				MTL_ENABLE_DEBUG_INFO = NO;
				SDKROOT = iphoneos;
				VALIDATE_PRODUCT = YES;
			};
			name = Release;
		};
		8667385B1C8148B900461E55 /* Debug */ = {
			isa = XCBuildConfiguration;
			buildSettings = {
				ASSETCATALOG_COMPILER_APPICON_NAME = AppIcon;
				INFOPLIST_FILE = pokedex/Info.plist;
				LD_RUNPATH_SEARCH_PATHS = "$(inherited) @executable_path/Frameworks";
				PRODUCT_BUNDLE_IDENTIFIER = com.xadrijo.pokedex;
				PRODUCT_NAME = "$(TARGET_NAME)";
			};
			name = Debug;
		};
		8667385C1C8148B900461E55 /* Release */ = {
			isa = XCBuildConfiguration;
			buildSettings = {
				ASSETCATALOG_COMPILER_APPICON_NAME = AppIcon;
				INFOPLIST_FILE = pokedex/Info.plist;
				LD_RUNPATH_SEARCH_PATHS = "$(inherited) @executable_path/Frameworks";
				PRODUCT_BUNDLE_IDENTIFIER = com.xadrijo.pokedex;
				PRODUCT_NAME = "$(TARGET_NAME)";
			};
			name = Release;
		};
		8667385E1C8148B900461E55 /* Debug */ = {
			isa = XCBuildConfiguration;
			buildSettings = {
				BUNDLE_LOADER = "$(TEST_HOST)";
				INFOPLIST_FILE = pokedexTests/Info.plist;
				LD_RUNPATH_SEARCH_PATHS = "$(inherited) @executable_path/Frameworks @loader_path/Frameworks";
				PRODUCT_BUNDLE_IDENTIFIER = com.xadrijo.pokedexTests;
				PRODUCT_NAME = "$(TARGET_NAME)";
				TEST_HOST = "$(BUILT_PRODUCTS_DIR)/pokedex.app/pokedex";
			};
			name = Debug;
		};
		8667385F1C8148B900461E55 /* Release */ = {
			isa = XCBuildConfiguration;
			buildSettings = {
				BUNDLE_LOADER = "$(TEST_HOST)";
				INFOPLIST_FILE = pokedexTests/Info.plist;
				LD_RUNPATH_SEARCH_PATHS = "$(inherited) @executable_path/Frameworks @loader_path/Frameworks";
				PRODUCT_BUNDLE_IDENTIFIER = com.xadrijo.pokedexTests;
				PRODUCT_NAME = "$(TARGET_NAME)";
				TEST_HOST = "$(BUILT_PRODUCTS_DIR)/pokedex.app/pokedex";
			};
			name = Release;
		};
		866738611C8148B900461E55 /* Debug */ = {
			isa = XCBuildConfiguration;
			buildSettings = {
				INFOPLIST_FILE = pokedexUITests/Info.plist;
				LD_RUNPATH_SEARCH_PATHS = "$(inherited) @executable_path/Frameworks @loader_path/Frameworks";
				PRODUCT_BUNDLE_IDENTIFIER = com.xadrijo.pokedexUITests;
				PRODUCT_NAME = "$(TARGET_NAME)";
				TEST_TARGET_NAME = pokedex;
				USES_XCTRUNNER = YES;
			};
			name = Debug;
		};
		866738621C8148B900461E55 /* Release */ = {
			isa = XCBuildConfiguration;
			buildSettings = {
				INFOPLIST_FILE = pokedexUITests/Info.plist;
				LD_RUNPATH_SEARCH_PATHS = "$(inherited) @executable_path/Frameworks @loader_path/Frameworks";
				PRODUCT_BUNDLE_IDENTIFIER = com.xadrijo.pokedexUITests;
				PRODUCT_NAME = "$(TARGET_NAME)";
				TEST_TARGET_NAME = pokedex;
				USES_XCTRUNNER = YES;
			};
			name = Release;
		};
/* End XCBuildConfiguration section */

/* Begin XCConfigurationList section */
		8667382D1C8148B900461E55 /* Build configuration list for PBXProject "pokedex" */ = {
			isa = XCConfigurationList;
			buildConfigurations = (
				866738581C8148B900461E55 /* Debug */,
				866738591C8148B900461E55 /* Release */,
			);
			defaultConfigurationIsVisible = 0;
			defaultConfigurationName = Release;
		};
		8667385A1C8148B900461E55 /* Build configuration list for PBXNativeTarget "pokedex" */ = {
			isa = XCConfigurationList;
			buildConfigurations = (
				8667385B1C8148B900461E55 /* Debug */,
				8667385C1C8148B900461E55 /* Release */,
			);
			defaultConfigurationIsVisible = 0;
			defaultConfigurationName = Release;
		};
		8667385D1C8148B900461E55 /* Build configuration list for PBXNativeTarget "pokedexTests" */ = {
			isa = XCConfigurationList;
			buildConfigurations = (
				8667385E1C8148B900461E55 /* Debug */,
				8667385F1C8148B900461E55 /* Release */,
			);
			defaultConfigurationIsVisible = 0;
			defaultConfigurationName = Release;
		};
		866738601C8148B900461E55 /* Build configuration list for PBXNativeTarget "pokedexUITests" */ = {
			isa = XCConfigurationList;
			buildConfigurations = (
				866738611C8148B900461E55 /* Debug */,
				866738621C8148B900461E55 /* Release */,
			);
			defaultConfigurationIsVisible = 0;
			defaultConfigurationName = Release;
		};
/* End XCConfigurationList section */
	};
	rootObject = 8667382A1C8148B900461E55 /* Project object */;
}
